
Microsoft Visual Studio Solution File, Format Version 12.00
# Visual Studio 15
VisualStudioVersion = 15.0.28307.329
MinimumVisualStudioVersion = 10.0.40219.1
Project("{FAE04EC0-301F-11D3-BF4B-00C04F79EFBC}") = "InsanKaynaklari", "InsanKaynaklari\InsanKaynaklari.csproj", "{B1B3F262-6045-4691-AA7F-FF188206F908}"
EndProject
Global
	GlobalSection(SolutionConfigurationPlatforms) = preSolution
		Debug|Any CPU = Debug|Any CPU
		Release|Any CPU = Release|Any CPU
	EndGlobalSection
	GlobalSection(ProjectConfigurationPlatforms) = postSolution
		{B1B3F262-6045-4691-AA7F-FF188206F908}.Debug|Any CPU.ActiveCfg = Debug|Any CPU
		{B1B3F262-6045-4691-AA7F-FF188206F908}.Debug|Any CPU.Build.0 = Debug|Any CPU
		{B1B3F262-6045-4691-AA7F-FF188206F908}.Release|Any CPU.ActiveCfg = Release|Any CPU
		{B1B3F262-6045-4691-AA7F-FF188206F908}.Release|Any CPU.Build.0 = Release|Any CPU
	EndGlobalSection
	GlobalSection(SolutionProperties) = preSolution
		HideSolutionNode = FALSE
	EndGlobalSection
	GlobalSection(ExtensibilityGlobals) = postSolution
		SolutionGuid = {827FF73E-FC22-484B-BD79-309C86871511}
	EndGlobalSection
EndGlobal
